// !$*UTF8*$!
{
	archiveVersion = 1;
	classes = {
	};
	objectVersion = 46;
	objects = {

/* Begin PBXBuildFile section */
		2C07F9FF1B794392006DB009 /* AppDelegate.swift in Sources */ = {isa = PBXBuildFile; fileRef = 2C07F9FE1B794392006DB009 /* AppDelegate.swift */; };
		2C07FA011B794392006DB009 /* ViewController.swift in Sources */ = {isa = PBXBuildFile; fileRef = 2C07FA001B794392006DB009 /* ViewController.swift */; };
		2C07FA041B794392006DB009 /* Main.storyboard in Resources */ = {isa = PBXBuildFile; fileRef = 2C07FA021B794392006DB009 /* Main.storyboard */; };
		2C07FA061B794392006DB009 /* Images.xcassets in Resources */ = {isa = PBXBuildFile; fileRef = 2C07FA051B794392006DB009 /* Images.xcassets */; };
		2C07FA091B794392006DB009 /* LaunchScreen.xib in Resources */ = {isa = PBXBuildFile; fileRef = 2C07FA071B794392006DB009 /* LaunchScreen.xib */; };
		2C07FA151B794392006DB009 /* UpdateDatabaseTests.swift in Sources */ = {isa = PBXBuildFile; fileRef = 2C07FA141B794392006DB009 /* UpdateDatabaseTests.swift */; };
		2C8058D31B817E0400EE65BB /* TaskCell.swift in Sources */ = {isa = PBXBuildFile; fileRef = 2C8058D21B817E0400EE65BB /* TaskCell.swift */; };
/* End PBXBuildFile section */

/* Begin PBXContainerItemProxy section */
		2C07FA0F1B794392006DB009 /* PBXContainerItemProxy */ = {
			isa = PBXContainerItemProxy;
			containerPortal = 2C07F9F11B794392006DB009 /* Project object */;
			proxyType = 1;
			remoteGlobalIDString = 2C07F9F81B794392006DB009;
			remoteInfo = UpdateDatabase;
		};
/* End PBXContainerItemProxy section */

/* Begin PBXFileReference section */
		2C07F9F91B794392006DB009 /* UpdateDatabase.app */ = {isa = PBXFileReference; explicitFileType = wrapper.application; includeInIndex = 0; path = UpdateDatabase.app; sourceTree = BUILT_PRODUCTS_DIR; };
		2C07F9FD1B794392006DB009 /* Info.plist */ = {isa = PBXFileReference; lastKnownFileType = text.plist.xml; path = Info.plist; sourceTree = "<group>"; };
		2C07F9FE1B794392006DB009 /* AppDelegate.swift */ = {isa = PBXFileReference; lastKnownFileType = sourcecode.swift; path = AppDelegate.swift; sourceTree = "<group>"; };
		2C07FA001B794392006DB009 /* ViewController.swift */ = {isa = PBXFileReference; lastKnownFileType = sourcecode.swift; path = ViewController.swift; sourceTree = "<group>"; };
		2C07FA031B794392006DB009 /* Base */ = {isa = PBXFileReference; lastKnownFileType = file.storyboard; name = Base; path = Base.lproj/Main.storyboard; sourceTree = "<group>"; };
		2C07FA051B794392006DB009 /* Images.xcassets */ = {isa = PBXFileReference; lastKnownFileType = folder.assetcatalog; path = Images.xcassets; sourceTree = "<group>"; };
		2C07FA081B794392006DB009 /* Base */ = {isa = PBXFileReference; lastKnownFileType = file.xib; name = Base; path = Base.lproj/LaunchScreen.xib; sourceTree = "<group>"; };
		2C07FA0E1B794392006DB009 /* UpdateDatabaseTests.xctest */ = {isa = PBXFileReference; explicitFileType = wrapper.cfbundle; includeInIndex = 0; path = UpdateDatabaseTests.xctest; sourceTree = BUILT_PRODUCTS_DIR; };
		2C07FA131B794392006DB009 /* Info.plist */ = {isa = PBXFileReference; lastKnownFileType = text.plist.xml; path = Info.plist; sourceTree = "<group>"; };
		2C07FA141B794392006DB009 /* UpdateDatabaseTests.swift */ = {isa = PBXFileReference; lastKnownFileType = sourcecode.swift; path = UpdateDatabaseTests.swift; sourceTree = "<group>"; };
		2C8058D21B817E0400EE65BB /* TaskCell.swift */ = {isa = PBXFileReference; fileEncoding = 4; lastKnownFileType = sourcecode.swift; path = TaskCell.swift; sourceTree = "<group>"; };
/* End PBXFileReference section */

/* Begin PBXFrameworksBuildPhase section */
		2C07F9F61B794392006DB009 /* Frameworks */ = {
			isa = PBXFrameworksBuildPhase;
			buildActionMask = 2147483647;
			files = (
			);
			runOnlyForDeploymentPostprocessing = 0;
		};
		2C07FA0B1B794392006DB009 /* Frameworks */ = {
			isa = PBXFrameworksBuildPhase;
			buildActionMask = 2147483647;
			files = (
			);
			runOnlyForDeploymentPostprocessing = 0;
		};
/* End PBXFrameworksBuildPhase section */

/* Begin PBXGroup section */
		2C07F9F01B794392006DB009 = {
			isa = PBXGroup;
			children = (
				2C07F9FB1B794392006DB009 /* UpdateDatabase */,
				2C07FA111B794392006DB009 /* UpdateDatabaseTests */,
				2C07F9FA1B794392006DB009 /* Products */,
			);
			sourceTree = "<group>";
		};
		2C07F9FA1B794392006DB009 /* Products */ = {
			isa = PBXGroup;
			children = (
				2C07F9F91B794392006DB009 /* UpdateDatabase.app */,
				2C07FA0E1B794392006DB009 /* UpdateDatabaseTests.xctest */,
			);
			name = Products;
			sourceTree = "<group>";
		};
		2C07F9FB1B794392006DB009 /* UpdateDatabase */ = {
			isa = PBXGroup;
			children = (
				2C07F9FE1B794392006DB009 /* AppDelegate.swift */,
				2C8058D21B817E0400EE65BB /* TaskCell.swift */,
				2C07FA001B794392006DB009 /* ViewController.swift */,
				2C07FA021B794392006DB009 /* Main.storyboard */,
				2C07FA051B794392006DB009 /* Images.xcassets */,
				2C07FA071B794392006DB009 /* LaunchScreen.xib */,
				2C07F9FC1B794392006DB009 /* Supporting Files */,
			);
			path = UpdateDatabase;
			sourceTree = "<group>";
		};
		2C07F9FC1B794392006DB009 /* Supporting Files */ = {
			isa = PBXGroup;
			children = (
				2C07F9FD1B794392006DB009 /* Info.plist */,
			);
			name = "Supporting Files";
			sourceTree = "<group>";
		};
		2C07FA111B794392006DB009 /* UpdateDatabaseTests */ = {
			isa = PBXGroup;
			children = (
				2C07FA141B794392006DB009 /* UpdateDatabaseTests.swift */,
				2C07FA121B794392006DB009 /* Supporting Files */,
			);
			path = UpdateDatabaseTests;
			sourceTree = "<group>";
		};
		2C07FA121B794392006DB009 /* Supporting Files */ = {
			isa = PBXGroup;
			children = (
				2C07FA131B794392006DB009 /* Info.plist */,
			);
			name = "Supporting Files";
			sourceTree = "<group>";
		};
/* End PBXGroup section */

/* Begin PBXNativeTarget section */
		2C07F9F81B794392006DB009 /* UpdateDatabase */ = {
			isa = PBXNativeTarget;
			buildConfigurationList = 2C07FA181B794392006DB009 /* Build configuration list for PBXNativeTarget "UpdateDatabase" */;
			buildPhases = (
				2C07F9F51B794392006DB009 /* Sources */,
				2C07F9F61B794392006DB009 /* Frameworks */,
				2C07F9F71B794392006DB009 /* Resources */,
			);
			buildRules = (
			);
			dependencies = (
			);
			name = UpdateDatabase;
			productName = UpdateDatabase;
			productReference = 2C07F9F91B794392006DB009 /* UpdateDatabase.app */;
			productType = "com.apple.product-type.application";
		};
		2C07FA0D1B794392006DB009 /* UpdateDatabaseTests */ = {
			isa = PBXNativeTarget;
			buildConfigurationList = 2C07FA1B1B794392006DB009 /* Build configuration list for PBXNativeTarget "UpdateDatabaseTests" */;
			buildPhases = (
				2C07FA0A1B794392006DB009 /* Sources */,
				2C07FA0B1B794392006DB009 /* Frameworks */,
				2C07FA0C1B794392006DB009 /* Resources */,
			);
			buildRules = (
			);
			dependencies = (
				2C07FA101B794392006DB009 /* PBXTargetDependency */,
			);
			name = UpdateDatabaseTests;
			productName = UpdateDatabaseTests;
			productReference = 2C07FA0E1B794392006DB009 /* UpdateDatabaseTests.xctest */;
			productType = "com.apple.product-type.bundle.unit-test";
		};
/* End PBXNativeTarget section */

/* Begin PBXProject section */
		2C07F9F11B794392006DB009 /* Project object */ = {
			isa = PBXProject;
			attributes = {
				LastUpgradeCheck = 0610;
				ORGANIZATIONNAME = "Alan Randell-Chen";
				TargetAttributes = {
					2C07F9F81B794392006DB009 = {
						CreatedOnToolsVersion = 6.1.1;
					};
					2C07FA0D1B794392006DB009 = {
						CreatedOnToolsVersion = 6.1.1;
						TestTargetID = 2C07F9F81B794392006DB009;
					};
				};
			};
			buildConfigurationList = 2C07F9F41B794392006DB009 /* Build configuration list for PBXProject "UpdateDatabase" */;
			compatibilityVersion = "Xcode 3.2";
			developmentRegion = English;
			hasScannedForEncodings = 0;
			knownRegions = (
				en,
				Base,
			);
			mainGroup = 2C07F9F01B794392006DB009;
			productRefGroup = 2C07F9FA1B794392006DB009 /* Products */;
			projectDirPath = "";
			projectRoot = "";
			targets = (
				2C07F9F81B794392006DB009 /* UpdateDatabase */,
				2C07FA0D1B794392006DB009 /* UpdateDatabaseTests */,
			);
		};
/* End PBXProject section */

/* Begin PBXResourcesBuildPhase section */
		2C07F9F71B794392006DB009 /* Resources */ = {
			isa = PBXResourcesBuildPhase;
			buildActionMask = 2147483647;
			files = (
				2C07FA041B794392006DB009 /* Main.storyboard in Resources */,
				2C07FA091B794392006DB009 /* LaunchScreen.xib in Resources */,
				2C07FA061B794392006DB009 /* Images.xcassets in Resources */,
			);
			runOnlyForDeploymentPostprocessing = 0;
		};
		2C07FA0C1B794392006DB009 /* Resources */ = {
			isa = PBXResourcesBuildPhase;
			buildActionMask = 2147483647;
			files = (
			);
			runOnlyForDeploymentPostprocessing = 0;
		};
/* End PBXResourcesBuildPhase section */

/* Begin PBXSourcesBuildPhase section */
		2C07F9F51B794392006DB009 /* Sources */ = {
			isa = PBXSourcesBuildPhase;
			buildActionMask = 2147483647;
			files = (
				2C07FA011B794392006DB009 /* ViewController.swift in Sources */,
				2C8058D31B817E0400EE65BB /* TaskCell.swift in Sources */,
				2C07F9FF1B794392006DB009 /* AppDelegate.swift in Sources */,
			);
			runOnlyForDeploymentPostprocessing = 0;
		};
		2C07FA0A1B794392006DB009 /* Sources */ = {
			isa = PBXSourcesBuildPhase;
			buildActionMask = 2147483647;
			files = (
				2C07FA151B794392006DB009 /* UpdateDatabaseTests.swift in Sources */,
			);
			runOnlyForDeploymentPostprocessing = 0;
		};
/* End PBXSourcesBuildPhase section */

/* Begin PBXTargetDependency section */
		2C07FA101B794392006DB009 /* PBXTargetDependency */ = {
			isa = PBXTargetDependency;
			target = 2C07F9F81B794392006DB009 /* UpdateDatabase */;
			targetProxy = 2C07FA0F1B794392006DB009 /* PBXContainerItemProxy */;
		};
/* End PBXTargetDependency section */

/* Begin PBXVariantGroup section */
		2C07FA021B794392006DB009 /* Main.storyboard */ = {
			isa = PBXVariantGroup;
			children = (
				2C07FA031B794392006DB009 /* Base */,
			);
			name = Main.storyboard;
			sourceTree = "<group>";
		};
		2C07FA071B794392006DB009 /* LaunchScreen.xib */ = {
			isa = PBXVariantGroup;
			children = (
				2C07FA081B794392006DB009 /* Base */,
			);
			name = LaunchScreen.xib;
			sourceTree = "<group>";
		};
/* End PBXVariantGroup section */

/* Begin XCBuildConfiguration section */
		2C07FA161B794392006DB009 /* Debug */ = {
			isa = XCBuildConfiguration;
			buildSettings = {
				ALWAYS_SEARCH_USER_PATHS = NO;
				CLANG_CXX_LANGUAGE_STANDARD = "gnu++0x";
				CLANG_CXX_LIBRARY = "libc++";
				CLANG_ENABLE_MODULES = YES;
				CLANG_ENABLE_OBJC_ARC = YES;
				CLANG_WARN_BOOL_CONVERSION = YES;
				CLANG_WARN_CONSTANT_CONVERSION = YES;
				CLANG_WARN_DIRECT_OBJC_ISA_USAGE = YES_ERROR;
				CLANG_WARN_EMPTY_BODY = YES;
				CLANG_WARN_ENUM_CONVERSION = YES;
				CLANG_WARN_INT_CONVERSION = YES;
				CLANG_WARN_OBJC_ROOT_CLASS = YES_ERROR;
				CLANG_WARN_UNREACHABLE_CODE = YES;
				CLANG_WARN__DUPLICATE_METHOD_MATCH = YES;
				"CODE_SIGN_IDENTITY[sdk=iphoneos*]" = "iPhone Developer";
				COPY_PHASE_STRIP = NO;
				ENABLE_STRICT_OBJC_MSGSEND = YES;
				GCC_C_LANGUAGE_STANDARD = gnu99;
				GCC_DYNAMIC_NO_PIC = NO;
				GCC_OPTIMIZATION_LEVEL = 0;
				GCC_PREPROCESSOR_DEFINITIONS = (
					"DEBUG=1",
					"$(inherited)",
				);
				GCC_SYMBOLS_PRIVATE_EXTERN = NO;
				GCC_WARN_64_TO_32_BIT_CONVERSION = YES;
				GCC_WARN_ABOUT_RETURN_TYPE = YES_ERROR;
				GCC_WARN_UNDECLARED_SELECTOR = YES;
				GCC_WARN_UNINITIALIZED_AUTOS = YES_AGGRESSIVE;
				GCC_WARN_UNUSED_FUNCTION = YES;
				GCC_WARN_UNUSED_VARIABLE = YES;
				IPHONEOS_DEPLOYMENT_TARGET = 8.1;
				MTL_ENABLE_DEBUG_INFO = YES;
				ONLY_ACTIVE_ARCH = YES;
				SDKROOT = iphoneos;
				SWIFT_OPTIMIZATION_LEVEL = "-Onone";
				TARGETED_DEVICE_FAMILY = "1,2";
			};
			name = Debug;
		};
		2C07FA171B794392006DB009 /* Release */ = {
			isa = XCBuildConfiguration;
			buildSettings = {
				ALWAYS_SEARCH_USER_PATHS = NO;
				CLANG_CXX_LANGUAGE_STANDARD = "gnu++0x";
				CLANG_CXX_LIBRARY = "libc++";
				CLANG_ENABLE_MODULES = YES;
				CLANG_ENABLE_OBJC_ARC = YES;
				CLANG_WARN_BOOL_CONVERSION = YES;
				CLANG_WARN_CONSTANT_CONVERSION = YES;
				CLANG_WARN_DIRECT_OBJC_ISA_USAGE = YES_ERROR;
				CLANG_WARN_EMPTY_BODY = YES;
				CLANG_WARN_ENUM_CONVERSION = YES;
				CLANG_WARN_INT_CONVERSION = YES;
				CLANG_WARN_OBJC_ROOT_CLASS = YES_ERROR;
				CLANG_WARN_UNREACHABLE_CODE = YES;
				CLANG_WARN__DUPLICATE_METHOD_MATCH = YES;
				"CODE_SIGN_IDENTITY[sdk=iphoneos*]" = "iPhone Developer";
				COPY_PHASE_STRIP = YES;
				ENABLE_NS_ASSERTIONS = NO;
				ENABLE_STRICT_OBJC_MSGSEND = YES;
				GCC_C_LANGUAGE_STANDARD = gnu99;
				GCC_WARN_64_TO_32_BIT_CONVERSION = YES;
				GCC_WARN_ABOUT_RETURN_TYPE = YES_ERROR;
				GCC_WARN_UNDECLARED_SELECTOR = YES;
				GCC_WARN_UNINITIALIZED_AUTOS = YES_AGGRESSIVE;
				GCC_WARN_UNUSED_FUNCTION = YES;
				GCC_WARN_UNUSED_VARIABLE = YES;
				IPHONEOS_DEPLOYMENT_TARGET = 8.1;
				MTL_ENABLE_DEBUG_INFO = NO;
				SDKROOT = iphoneos;
				TARGETED_DEVICE_FAMILY = "1,2";
				VALIDATE_PRODUCT = YES;
			};
			name = Release;
		};
		2C07FA191B794392006DB009 /* Debug */ = {
			isa = XCBuildConfiguration;
			buildSettings = {
				ASSETCATALOG_COMPILER_APPICON_NAME = AppIcon;
				INFOPLIST_FILE = UpdateDatabase/Info.plist;
				LD_RUNPATH_SEARCH_PATHS = "$(inherited) @executable_path/Frameworks";
				PRODUCT_NAME = "$(TARGET_NAME)";
			};
			name = Debug;
		};
		2C07FA1A1B794392006DB009 /* Release */ = {
			isa = XCBuildConfiguration;
			buildSettings = {
				ASSETCATALOG_COMPILER_APPICON_NAME = AppIcon;
				INFOPLIST_FILE = UpdateDatabase/Info.plist;
				LD_RUNPATH_SEARCH_PATHS = "$(inherited) @executable_path/Frameworks";
				PRODUCT_NAME = "$(TARGET_NAME)";
			};
			name = Release;
		};
		2C07FA1C1B794392006DB009 /* Debug */ = {
			isa = XCBuildConfiguration;
			buildSettings = {
				BUNDLE_LOADER = "$(TEST_HOST)";
				FRAMEWORK_SEARCH_PATHS = (
					"$(SDKROOT)/Developer/Library/Frameworks",
					"$(inherited)",
				);
				GCC_PREPROCESSOR_DEFINITIONS = (
					"DEBUG=1",
					"$(inherited)",
				);
				INFOPLIST_FILE = UpdateDatabaseTests/Info.plist;
				LD_RUNPATH_SEARCH_PATHS = "$(inherited) @executable_path/Frameworks @loader_path/Frameworks";
				PRODUCT_NAME = "$(TARGET_NAME)";
				TEST_HOST = "$(BUILT_PRODUCTS_DIR)/UpdateDatabase.app/UpdateDatabase";
			};
			name = Debug;
		};
		2C07FA1D1B794392006DB009 /* Release */ = {
			isa = XCBuildConfiguration;
			buildSettings = {
				BUNDLE_LOADER = "$(TEST_HOST)";
				FRAMEWORK_SEARCH_PATHS = (
					"$(SDKROOT)/Developer/Library/Frameworks",
					"$(inherited)",
				);
				INFOPLIST_FILE = UpdateDatabaseTests/Info.plist;
				LD_RUNPATH_SEARCH_PATHS = "$(inherited) @executable_path/Frameworks @loader_path/Frameworks";
				PRODUCT_NAME = "$(TARGET_NAME)";
				TEST_HOST = "$(BUILT_PRODUCTS_DIR)/UpdateDatabase.app/UpdateDatabase";
			};
			name = Release;
		};
/* End XCBuildConfiguration section */

/* Begin XCConfigurationList section */
		2C07F9F41B794392006DB009 /* Build configuration list for PBXProject "UpdateDatabase" */ = {
			isa = XCConfigurationList;
			buildConfigurations = (
				2C07FA161B794392006DB009 /* Debug */,
				2C07FA171B794392006DB009 /* Release */,
			);
			defaultConfigurationIsVisible = 0;
			defaultConfigurationName = Release;
		};
		2C07FA181B794392006DB009 /* Build configuration list for PBXNativeTarget "UpdateDatabase" */ = {
			isa = XCConfigurationList;
			buildConfigurations = (
				2C07FA191B794392006DB009 /* Debug */,
				2C07FA1A1B794392006DB009 /* Release */,
			);
			defaultConfigurationIsVisible = 0;
			defaultConfigurationName = Release;
		};
		2C07FA1B1B794392006DB009 /* Build configuration list for PBXNativeTarget "UpdateDatabaseTests" */ = {
			isa = XCConfigurationList;
			buildConfigurations = (
				2C07FA1C1B794392006DB009 /* Debug */,
				2C07FA1D1B794392006DB009 /* Release */,
			);
			defaultConfigurationIsVisible = 0;
			defaultConfigurationName = Release;
		};
/* End XCConfigurationList section */
	};
	rootObject = 2C07F9F11B794392006DB009 /* Project object */;
}
